
Microsoft Visual Studio Solution File, Format Version 12.00
# Visual Studio 15
VisualStudioVersion = 15.0.27130.2003
MinimumVisualStudioVersion = 10.0.40219.1
Project("{9A19103F-16F7-4668-BE54-9A1E7A4F7556}") = "WebBeds.UI", "WebBeds\WebBeds.UI.csproj", "{5821C075-E425-4653-9A20-6B7E3E3C0AA4}"
EndProject
Project("{2150E333-8FDC-42A3-9474-1A3956D46DE8}") = "1.Presentation", "1.Presentation", "{98D227FA-A699-47B5-B2A1-C91D0420BF04}"
EndProject
Project("{2150E333-8FDC-42A3-9474-1A3956D46DE8}") = "2.Distributed Services", "2.Distributed Services", "{5F2A2AEF-5ED7-48CF-BEA6-FBBC992CDFED}"
EndProject
Project("{2150E333-8FDC-42A3-9474-1A3956D46DE8}") = "3.Application", "3.Application", "{8BE3CB51-FBFE-4BE9-849F-8E6B5D94195D}"
EndProject
Project("{2150E333-8FDC-42A3-9474-1A3956D46DE8}") = "4.Domain", "4.Domain", "{AB537008-DA12-4BDA-B9B2-5624D0B60498}"
EndProject
Project("{2150E333-8FDC-42A3-9474-1A3956D46DE8}") = "5.DataInfrastructure", "5.DataInfrastructure", "{D41C09E6-6E78-4DC6-839F-2D5F79BD193A}"
EndProject
Project("{2150E333-8FDC-42A3-9474-1A3956D46DE8}") = "6.CrossCutting", "6.CrossCutting", "{800F70B8-93F8-4B70-8981-8FA8C0952590}"
EndProject
Project("{9A19103F-16F7-4668-BE54-9A1E7A4F7556}") = "WebBeds.Application", "WebBeds.Application\WebBeds.Application.csproj", "{926B473F-3326-44BD-9A79-0F892273DF6D}"
EndProject
Project("{9A19103F-16F7-4668-BE54-9A1E7A4F7556}") = "WebBeds.Domain", "WebBeds.Domain\WebBeds.Domain.csproj", "{B0E9285A-88CF-4DAC-8BB6-E62555397935}"
EndProject
Project("{9A19103F-16F7-4668-BE54-9A1E7A4F7556}") = "WebBeds.WebApiRepository", "WebBeds.WebApiRepository\WebBeds.WebApiRepository.csproj", "{683B6BDD-E15A-4FC6-8CFC-36E9AFF4F81C}"
EndProject
Project("{9A19103F-16F7-4668-BE54-9A1E7A4F7556}") = "WebBeds.CrossCutting", "WebBeds.CrossCutting\WebBeds.CrossCutting.csproj", "{52F072A0-DE81-4F85-81A4-EEB048E3E0B5}"
EndProject
Project("{2150E333-8FDC-42A3-9474-1A3956D46DE8}") = "7.UnitTest", "7.UnitTest", "{57F2626F-A344-4A4B-96FD-512A9FB19956}"
EndProject
Project("{FAE04EC0-301F-11D3-BF4B-00C04F79EFBC}") = "WebBeds.UnitTest", "WebBeds.UnitTest\WebBeds.UnitTest.csproj", "{55AFF5BC-67D3-4582-BAD6-DA1AC111C5D5}"
EndProject
Global
	GlobalSection(SolutionConfigurationPlatforms) = preSolution
		Debug|Any CPU = Debug|Any CPU
		Release|Any CPU = Release|Any CPU
	EndGlobalSection
	GlobalSection(ProjectConfigurationPlatforms) = postSolution
		{5821C075-E425-4653-9A20-6B7E3E3C0AA4}.Debug|Any CPU.ActiveCfg = Debug|Any CPU
		{5821C075-E425-4653-9A20-6B7E3E3C0AA4}.Debug|Any CPU.Build.0 = Debug|Any CPU
		{5821C075-E425-4653-9A20-6B7E3E3C0AA4}.Release|Any CPU.ActiveCfg = Release|Any CPU
		{5821C075-E425-4653-9A20-6B7E3E3C0AA4}.Release|Any CPU.Build.0 = Release|Any CPU
		{926B473F-3326-44BD-9A79-0F892273DF6D}.Debug|Any CPU.ActiveCfg = Debug|Any CPU
		{926B473F-3326-44BD-9A79-0F892273DF6D}.Debug|Any CPU.Build.0 = Debug|Any CPU
		{926B473F-3326-44BD-9A79-0F892273DF6D}.Release|Any CPU.ActiveCfg = Release|Any CPU
		{926B473F-3326-44BD-9A79-0F892273DF6D}.Release|Any CPU.Build.0 = Release|Any CPU
		{B0E9285A-88CF-4DAC-8BB6-E62555397935}.Debug|Any CPU.ActiveCfg = Debug|Any CPU
		{B0E9285A-88CF-4DAC-8BB6-E62555397935}.Debug|Any CPU.Build.0 = Debug|Any CPU
		{B0E9285A-88CF-4DAC-8BB6-E62555397935}.Release|Any CPU.ActiveCfg = Release|Any CPU
		{B0E9285A-88CF-4DAC-8BB6-E62555397935}.Release|Any CPU.Build.0 = Release|Any CPU
		{683B6BDD-E15A-4FC6-8CFC-36E9AFF4F81C}.Debug|Any CPU.ActiveCfg = Debug|Any CPU
		{683B6BDD-E15A-4FC6-8CFC-36E9AFF4F81C}.Debug|Any CPU.Build.0 = Debug|Any CPU
		{683B6BDD-E15A-4FC6-8CFC-36E9AFF4F81C}.Release|Any CPU.ActiveCfg = Release|Any CPU
		{683B6BDD-E15A-4FC6-8CFC-36E9AFF4F81C}.Release|Any CPU.Build.0 = Release|Any CPU
		{52F072A0-DE81-4F85-81A4-EEB048E3E0B5}.Debug|Any CPU.ActiveCfg = Debug|Any CPU
		{52F072A0-DE81-4F85-81A4-EEB048E3E0B5}.Debug|Any CPU.Build.0 = Debug|Any CPU
		{52F072A0-DE81-4F85-81A4-EEB048E3E0B5}.Release|Any CPU.ActiveCfg = Release|Any CPU
		{52F072A0-DE81-4F85-81A4-EEB048E3E0B5}.Release|Any CPU.Build.0 = Release|Any CPU
		{55AFF5BC-67D3-4582-BAD6-DA1AC111C5D5}.Debug|Any CPU.ActiveCfg = Debug|Any CPU
		{55AFF5BC-67D3-4582-BAD6-DA1AC111C5D5}.Debug|Any CPU.Build.0 = Debug|Any CPU
		{55AFF5BC-67D3-4582-BAD6-DA1AC111C5D5}.Release|Any CPU.ActiveCfg = Release|Any CPU
		{55AFF5BC-67D3-4582-BAD6-DA1AC111C5D5}.Release|Any CPU.Build.0 = Release|Any CPU
	EndGlobalSection
	GlobalSection(SolutionProperties) = preSolution
		HideSolutionNode = FALSE
	EndGlobalSection
	GlobalSection(NestedProjects) = preSolution
		{5821C075-E425-4653-9A20-6B7E3E3C0AA4} = {98D227FA-A699-47B5-B2A1-C91D0420BF04}
		{926B473F-3326-44BD-9A79-0F892273DF6D} = {8BE3CB51-FBFE-4BE9-849F-8E6B5D94195D}
		{B0E9285A-88CF-4DAC-8BB6-E62555397935} = {AB537008-DA12-4BDA-B9B2-5624D0B60498}
		{683B6BDD-E15A-4FC6-8CFC-36E9AFF4F81C} = {D41C09E6-6E78-4DC6-839F-2D5F79BD193A}
		{52F072A0-DE81-4F85-81A4-EEB048E3E0B5} = {800F70B8-93F8-4B70-8981-8FA8C0952590}
		{55AFF5BC-67D3-4582-BAD6-DA1AC111C5D5} = {57F2626F-A344-4A4B-96FD-512A9FB19956}
	EndGlobalSection
	GlobalSection(ExtensibilityGlobals) = postSolution
		SolutionGuid = {7A29B081-93EA-4040-9AEA-3B59189EB33B}
	EndGlobalSection
EndGlobal
